// !$*UTF8*$!
{
	archiveVersion = 1;
	classes = {
	};
	objectVersion = 46;
	objects = {

/* Begin PBXBuildFile section */
		C39298B81DA477070050EB4C /* AppDelegate.swift in Sources */ = {isa = PBXBuildFile; fileRef = C39298B71DA477070050EB4C /* AppDelegate.swift */; };
		C39298BA1DA477070050EB4C /* ViewController.swift in Sources */ = {isa = PBXBuildFile; fileRef = C39298B91DA477070050EB4C /* ViewController.swift */; };
		C39298BD1DA477070050EB4C /* Main.storyboard in Resources */ = {isa = PBXBuildFile; fileRef = C39298BB1DA477070050EB4C /* Main.storyboard */; };
		C39298BF1DA477070050EB4C /* Assets.xcassets in Resources */ = {isa = PBXBuildFile; fileRef = C39298BE1DA477070050EB4C /* Assets.xcassets */; };
		C39298C21DA477070050EB4C /* LaunchScreen.storyboard in Resources */ = {isa = PBXBuildFile; fileRef = C39298C01DA477070050EB4C /* LaunchScreen.storyboard */; };
/* End PBXBuildFile section */

/* Begin PBXFileReference section */
		C39298B41DA477070050EB4C /* spyroad.app */ = {isa = PBXFileReference; explicitFileType = wrapper.application; includeInIndex = 0; path = spyroad.app; sourceTree = BUILT_PRODUCTS_DIR; };
		C39298B71DA477070050EB4C /* AppDelegate.swift */ = {isa = PBXFileReference; lastKnownFileType = sourcecode.swift; path = AppDelegate.swift; sourceTree = "<group>"; };
		C39298B91DA477070050EB4C /* ViewController.swift */ = {isa = PBXFileReference; lastKnownFileType = sourcecode.swift; path = ViewController.swift; sourceTree = "<group>"; };
		C39298BC1DA477070050EB4C /* Base */ = {isa = PBXFileReference; lastKnownFileType = file.storyboard; name = Base; path = Base.lproj/Main.storyboard; sourceTree = "<group>"; };
		C39298BE1DA477070050EB4C /* Assets.xcassets */ = {isa = PBXFileReference; lastKnownFileType = folder.assetcatalog; path = Assets.xcassets; sourceTree = "<group>"; };
		C39298C11DA477070050EB4C /* Base */ = {isa = PBXFileReference; lastKnownFileType = file.storyboard; name = Base; path = Base.lproj/LaunchScreen.storyboard; sourceTree = "<group>"; };
		C39298C31DA477070050EB4C /* Info.plist */ = {isa = PBXFileReference; lastKnownFileType = text.plist.xml; path = Info.plist; sourceTree = "<group>"; };
/* End PBXFileReference section */

/* Begin PBXFrameworksBuildPhase section */
		C39298B11DA477060050EB4C /* Frameworks */ = {
			isa = PBXFrameworksBuildPhase;
			buildActionMask = 2147483647;
			files = (
			);
			runOnlyForDeploymentPostprocessing = 0;
		};
/* End PBXFrameworksBuildPhase section */

/* Begin PBXGroup section */
		C39298AB1DA477060050EB4C = {
			isa = PBXGroup;
			children = (
				C39298B61DA477070050EB4C /* spyroad */,
				C39298B51DA477070050EB4C /* Products */,
			);
			sourceTree = "<group>";
		};
		C39298B51DA477070050EB4C /* Products */ = {
			isa = PBXGroup;
			children = (
				C39298B41DA477070050EB4C /* spyroad.app */,
			);
			name = Products;
			sourceTree = "<group>";
		};
		C39298B61DA477070050EB4C /* spyroad */ = {
			isa = PBXGroup;
			children = (
				C39298B71DA477070050EB4C /* AppDelegate.swift */,
				C39298B91DA477070050EB4C /* ViewController.swift */,
				C39298BB1DA477070050EB4C /* Main.storyboard */,
				C39298BE1DA477070050EB4C /* Assets.xcassets */,
				C39298C01DA477070050EB4C /* LaunchScreen.storyboard */,
				C39298C31DA477070050EB4C /* Info.plist */,
			);
			path = spyroad;
			sourceTree = "<group>";
		};
/* End PBXGroup section */

/* Begin PBXNativeTarget section */
		C39298B31DA477060050EB4C /* spyroad */ = {
			isa = PBXNativeTarget;
			buildConfigurationList = C39298C61DA477070050EB4C /* Build configuration list for PBXNativeTarget "spyroad" */;
			buildPhases = (
				C39298B01DA477060050EB4C /* Sources */,
				C39298B11DA477060050EB4C /* Frameworks */,
				C39298B21DA477060050EB4C /* Resources */,
			);
			buildRules = (
			);
			dependencies = (
			);
			name = spyroad;
			productName = spyroad;
			productReference = C39298B41DA477070050EB4C /* spyroad.app */;
			productType = "com.apple.product-type.application";
		};
/* End PBXNativeTarget section */

/* Begin PBXProject section */
		C39298AC1DA477060050EB4C /* Project object */ = {
			isa = PBXProject;
			attributes = {
				LastSwiftUpdateCheck = 0800;
				LastUpgradeCheck = 0800;
				ORGANIZATIONNAME = Starlo;
				TargetAttributes = {
					C39298B31DA477060050EB4C = {
						CreatedOnToolsVersion = 8.0;
						ProvisioningStyle = Automatic;
					};
				};
			};
			buildConfigurationList = C39298AF1DA477060050EB4C /* Build configuration list for PBXProject "spyroad" */;
			compatibilityVersion = "Xcode 3.2";
			developmentRegion = English;
			hasScannedForEncodings = 0;
			knownRegions = (
				en,
				Base,
			);
			mainGroup = C39298AB1DA477060050EB4C;
			productRefGroup = C39298B51DA477070050EB4C /* Products */;
			projectDirPath = "";
			projectRoot = "";
			targets = (
				C39298B31DA477060050EB4C /* spyroad */,
			);
		};
/* End PBXProject section */

/* Begin PBXResourcesBuildPhase section */
		C39298B21DA477060050EB4C /* Resources */ = {
			isa = PBXResourcesBuildPhase;
			buildActionMask = 2147483647;
			files = (
				C39298C21DA477070050EB4C /* LaunchScreen.storyboard in Resources */,
				C39298BF1DA477070050EB4C /* Assets.xcassets in Resources */,
				C39298BD1DA477070050EB4C /* Main.storyboard in Resources */,
			);
			runOnlyForDeploymentPostprocessing = 0;
		};
/* End PBXResourcesBuildPhase section */

/* Begin PBXSourcesBuildPhase section */
		C39298B01DA477060050EB4C /* Sources */ = {
			isa = PBXSourcesBuildPhase;
			buildActionMask = 2147483647;
			files = (
				C39298BA1DA477070050EB4C /* ViewController.swift in Sources */,
				C39298B81DA477070050EB4C /* AppDelegate.swift in Sources */,
			);
			runOnlyForDeploymentPostprocessing = 0;
		};
/* End PBXSourcesBuildPhase section */

/* Begin PBXVariantGroup section */
		C39298BB1DA477070050EB4C /* Main.storyboard */ = {
			isa = PBXVariantGroup;
			children = (
				C39298BC1DA477070050EB4C /* Base */,
			);
			name = Main.storyboard;
			sourceTree = "<group>";
		};
		C39298C01DA477070050EB4C /* LaunchScreen.storyboard */ = {
			isa = PBXVariantGroup;
			children = (
				C39298C11DA477070050EB4C /* Base */,
			);
			name = LaunchScreen.storyboard;
			sourceTree = "<group>";
		};
/* End PBXVariantGroup section */

/* Begin XCBuildConfiguration section */
		C39298C41DA477070050EB4C /* Debug */ = {
			isa = XCBuildConfiguration;
			buildSettings = {
				ALWAYS_SEARCH_USER_PATHS = NO;
				CLANG_ANALYZER_NONNULL = YES;
				CLANG_CXX_LANGUAGE_STANDARD = "gnu++0x";
				CLANG_CXX_LIBRARY = "libc++";
				CLANG_ENABLE_MODULES = YES;
				CLANG_ENABLE_OBJC_ARC = YES;
				CLANG_WARN_BOOL_CONVERSION = YES;
				CLANG_WARN_CONSTANT_CONVERSION = YES;
				CLANG_WARN_DIRECT_OBJC_ISA_USAGE = YES_ERROR;
				CLANG_WARN_DOCUMENTATION_COMMENTS = YES;
				CLANG_WARN_EMPTY_BODY = YES;
				CLANG_WARN_ENUM_CONVERSION = YES;
				CLANG_WARN_INFINITE_RECURSION = YES;
				CLANG_WARN_INT_CONVERSION = YES;
				CLANG_WARN_OBJC_ROOT_CLASS = YES_ERROR;
				CLANG_WARN_SUSPICIOUS_MOVES = YES;
				CLANG_WARN_UNREACHABLE_CODE = YES;
				CLANG_WARN__DUPLICATE_METHOD_MATCH = YES;
				"CODE_SIGN_IDENTITY[sdk=iphoneos*]" = "iPhone Developer";
				COPY_PHASE_STRIP = NO;
				DEBUG_INFORMATION_FORMAT = dwarf;
				ENABLE_STRICT_OBJC_MSGSEND = YES;
				ENABLE_TESTABILITY = YES;
				GCC_C_LANGUAGE_STANDARD = gnu99;
				GCC_DYNAMIC_NO_PIC = NO;
				GCC_NO_COMMON_BLOCKS = YES;
				GCC_OPTIMIZATION_LEVEL = 0;
				GCC_PREPROCESSOR_DEFINITIONS = (
					"DEBUG=1",
					"$(inherited)",
				);
				GCC_WARN_64_TO_32_BIT_CONVERSION = YES;
				GCC_WARN_ABOUT_RETURN_TYPE = YES_ERROR;
				GCC_WARN_UNDECLARED_SELECTOR = YES;
				GCC_WARN_UNINITIALIZED_AUTOS = YES_AGGRESSIVE;
				GCC_WARN_UNUSED_FUNCTION = YES;
				GCC_WARN_UNUSED_VARIABLE = YES;
				IPHONEOS_DEPLOYMENT_TARGET = 10.0;
				MTL_ENABLE_DEBUG_INFO = YES;
				ONLY_ACTIVE_ARCH = YES;
				SDKROOT = iphoneos;
				SWIFT_ACTIVE_COMPILATION_CONDITIONS = DEBUG;
				SWIFT_OPTIMIZATION_LEVEL = "-Onone";
				TARGETED_DEVICE_FAMILY = "1,2";
			};
			name = Debug;
		};
		C39298C51DA477070050EB4C /* Release */ = {
			isa = XCBuildConfiguration;
			buildSettings = {
				ALWAYS_SEARCH_USER_PATHS = NO;
				CLANG_ANALYZER_NONNULL = YES;
				CLANG_CXX_LANGUAGE_STANDARD = "gnu++0x";
				CLANG_CXX_LIBRARY = "libc++";
				CLANG_ENABLE_MODULES = YES;
				CLANG_ENABLE_OBJC_ARC = YES;
				CLANG_WARN_BOOL_CONVERSION = YES;
				CLANG_WARN_CONSTANT_CONVERSION = YES;
				CLANG_WARN_DIRECT_OBJC_ISA_USAGE = YES_ERROR;
				CLANG_WARN_DOCUMENTATION_COMMENTS = YES;
				CLANG_WARN_EMPTY_BODY = YES;
				CLANG_WARN_ENUM_CONVERSION = YES;
				CLANG_WARN_INFINITE_RECURSION = YES;
				CLANG_WARN_INT_CONVERSION = YES;
				CLANG_WARN_OBJC_ROOT_CLASS = YES_ERROR;
				CLANG_WARN_SUSPICIOUS_MOVES = YES;
				CLANG_WARN_UNREACHABLE_CODE = YES;
				CLANG_WARN__DUPLICATE_METHOD_MATCH = YES;
				"CODE_SIGN_IDENTITY[sdk=iphoneos*]" = "iPhone Developer";
				COPY_PHASE_STRIP = NO;
				DEBUG_INFORMATION_FORMAT = "dwarf-with-dsym";
				ENABLE_NS_ASSERTIONS = NO;
				ENABLE_STRICT_OBJC_MSGSEND = YES;
				GCC_C_LANGUAGE_STANDARD = gnu99;
				GCC_NO_COMMON_BLOCKS = YES;
				GCC_WARN_64_TO_32_BIT_CONVERSION = YES;
				GCC_WARN_ABOUT_RETURN_TYPE = YES_ERROR;
				GCC_WARN_UNDECLARED_SELECTOR = YES;
				GCC_WARN_UNINITIALIZED_AUTOS = YES_AGGRESSIVE;
				GCC_WARN_UNUSED_FUNCTION = YES;
				GCC_WARN_UNUSED_VARIABLE = YES;
				IPHONEOS_DEPLOYMENT_TARGET = 10.0;
				MTL_ENABLE_DEBUG_INFO = NO;
				SDKROOT = iphoneos;
				SWIFT_OPTIMIZATION_LEVEL = "-Owholemodule";
				TARGETED_DEVICE_FAMILY = "1,2";
				VALIDATE_PRODUCT = YES;
			};
			name = Release;
		};
		C39298C71DA477070050EB4C /* Debug */ = {
			isa = XCBuildConfiguration;
			buildSettings = {
				ASSETCATALOG_COMPILER_APPICON_NAME = AppIcon;
				INFOPLIST_FILE = spyroad/Info.plist;
				LD_RUNPATH_SEARCH_PATHS = "$(inherited) @executable_path/Frameworks";
				PRODUCT_BUNDLE_IDENTIFIER = starlo.org.spyroad;
				PRODUCT_NAME = "$(TARGET_NAME)";
				SWIFT_VERSION = 3.0;
			};
			name = Debug;
		};
		C39298C81DA477070050EB4C /* Release */ = {
			isa = XCBuildConfiguration;
			buildSettings = {
				ASSETCATALOG_COMPILER_APPICON_NAME = AppIcon;
				INFOPLIST_FILE = spyroad/Info.plist;
				LD_RUNPATH_SEARCH_PATHS = "$(inherited) @executable_path/Frameworks";
				PRODUCT_BUNDLE_IDENTIFIER = starlo.org.spyroad;
				PRODUCT_NAME = "$(TARGET_NAME)";
				SWIFT_VERSION = 3.0;
			};
			name = Release;
		};
/* End XCBuildConfiguration section */

/* Begin XCConfigurationList section */
		C39298AF1DA477060050EB4C /* Build configuration list for PBXProject "spyroad" */ = {
			isa = XCConfigurationList;
			buildConfigurations = (
				C39298C41DA477070050EB4C /* Debug */,
				C39298C51DA477070050EB4C /* Release */,
			);
			defaultConfigurationIsVisible = 0;
			defaultConfigurationName = Release;
		};
		C39298C61DA477070050EB4C /* Build configuration list for PBXNativeTarget "spyroad" */ = {
			isa = XCConfigurationList;
			buildConfigurations = (
				C39298C71DA477070050EB4C /* Debug */,
				C39298C81DA477070050EB4C /* Release */,
			);
			defaultConfigurationIsVisible = 0;
		};
/* End XCConfigurationList section */
	};
	rootObject = C39298AC1DA477060050EB4C /* Project object */;
}
